// !$*UTF8*$!
{
	archiveVersion = 1;
	classes = {
	};
	objectVersion = 50;
	objects = {

/* Begin PBXBuildFile section */
		031508652107BAA3001F0C1E /* AppDelegate.swift in Sources */ = {isa = PBXBuildFile; fileRef = 031508642107BAA3001F0C1E /* AppDelegate.swift */; };
		031508672107BAA3001F0C1E /* TinderScreen.swift in Sources */ = {isa = PBXBuildFile; fileRef = 031508662107BAA3001F0C1E /* TinderScreen.swift */; };
		0315086A2107BAA3001F0C1E /* Main.storyboard in Resources */ = {isa = PBXBuildFile; fileRef = 031508682107BAA3001F0C1E /* Main.storyboard */; };
		0315086C2107BAA3001F0C1E /* Assets.xcassets in Resources */ = {isa = PBXBuildFile; fileRef = 0315086B2107BAA3001F0C1E /* Assets.xcassets */; };
		0315086F2107BAA3001F0C1E /* LaunchScreen.storyboard in Resources */ = {isa = PBXBuildFile; fileRef = 0315086D2107BAA3001F0C1E /* LaunchScreen.storyboard */; };
		0315087A2107BAA4001F0C1E /* FooderTests.swift in Sources */ = {isa = PBXBuildFile; fileRef = 031508792107BAA4001F0C1E /* FooderTests.swift */; };
		031508852107BAA4001F0C1E /* FooderUITests.swift in Sources */ = {isa = PBXBuildFile; fileRef = 031508842107BAA4001F0C1E /* FooderUITests.swift */; };
		03165911210B900C000C8CCA /* HomeScreen.swift in Sources */ = {isa = PBXBuildFile; fileRef = 03165910210B900C000C8CCA /* HomeScreen.swift */; };
		036006BF2110F965009BCE25 /* regular_3_half@3x.png in Resources */ = {isa = PBXBuildFile; fileRef = 036006A12110F961009BCE25 /* regular_3_half@3x.png */; };
		036006C02110F965009BCE25 /* regular_4_half.png in Resources */ = {isa = PBXBuildFile; fileRef = 036006A22110F961009BCE25 /* regular_4_half.png */; };
		036006C12110F965009BCE25 /* regular_5.png in Resources */ = {isa = PBXBuildFile; fileRef = 036006A32110F961009BCE25 /* regular_5.png */; };
		036006C22110F965009BCE25 /* regular_5@3x.png in Resources */ = {isa = PBXBuildFile; fileRef = 036006A42110F961009BCE25 /* regular_5@3x.png */; };
		036006C32110F965009BCE25 /* regular_3_half@2x.png in Resources */ = {isa = PBXBuildFile; fileRef = 036006A52110F962009BCE25 /* regular_3_half@2x.png */; };
		036006C42110F965009BCE25 /* regular_5@2x.png in Resources */ = {isa = PBXBuildFile; fileRef = 036006A62110F962009BCE25 /* regular_5@2x.png */; };
		036006C52110F965009BCE25 /* regular_2_half@2x.png in Resources */ = {isa = PBXBuildFile; fileRef = 036006A72110F962009BCE25 /* regular_2_half@2x.png */; };
		036006C62110F965009BCE25 /* regular_3@3x.png in Resources */ = {isa = PBXBuildFile; fileRef = 036006A82110F962009BCE25 /* regular_3@3x.png */; };
		036006C72110F965009BCE25 /* regular_1@2x.png in Resources */ = {isa = PBXBuildFile; fileRef = 036006A92110F962009BCE25 /* regular_1@2x.png */; };
		036006C82110F965009BCE25 /* regular_0.png in Resources */ = {isa = PBXBuildFile; fileRef = 036006AA2110F962009BCE25 /* regular_0.png */; };
		036006C92110F965009BCE25 /* regular_1_half@3x.png in Resources */ = {isa = PBXBuildFile; fileRef = 036006AB2110F962009BCE25 /* regular_1_half@3x.png */; };
		036006CA2110F965009BCE25 /* regular_3@2x.png in Resources */ = {isa = PBXBuildFile; fileRef = 036006AC2110F962009BCE25 /* regular_3@2x.png */; };
		036006CB2110F965009BCE25 /* regular_4@2x.png in Resources */ = {isa = PBXBuildFile; fileRef = 036006AD2110F962009BCE25 /* regular_4@2x.png */; };
		036006CC2110F965009BCE25 /* regular_1@3x.png in Resources */ = {isa = PBXBuildFile; fileRef = 036006AE2110F962009BCE25 /* regular_1@3x.png */; };
		036006CD2110F965009BCE25 /* regular_1_half.png in Resources */ = {isa = PBXBuildFile; fileRef = 036006AF2110F962009BCE25 /* regular_1_half.png */; };
		036006CE2110F965009BCE25 /* regular_4@3x.png in Resources */ = {isa = PBXBuildFile; fileRef = 036006B02110F962009BCE25 /* regular_4@3x.png */; };
		036006CF2110F965009BCE25 /* regular_2@3x.png in Resources */ = {isa = PBXBuildFile; fileRef = 036006B12110F962009BCE25 /* regular_2@3x.png */; };
		036006D02110F965009BCE25 /* regular_4_half@3x.png in Resources */ = {isa = PBXBuildFile; fileRef = 036006B22110F962009BCE25 /* regular_4_half@3x.png */; };
		036006D12110F965009BCE25 /* regular_1.png in Resources */ = {isa = PBXBuildFile; fileRef = 036006B32110F963009BCE25 /* regular_1.png */; };
		036006D22110F965009BCE25 /* regular_2@2x.png in Resources */ = {isa = PBXBuildFile; fileRef = 036006B42110F963009BCE25 /* regular_2@2x.png */; };
		036006D32110F965009BCE25 /* regular_4_half@2x.png in Resources */ = {isa = PBXBuildFile; fileRef = 036006B52110F963009BCE25 /* regular_4_half@2x.png */; };
		036006D42110F965009BCE25 /* regular_0@2x.png in Resources */ = {isa = PBXBuildFile; fileRef = 036006B62110F963009BCE25 /* regular_0@2x.png */; };
		036006D52110F965009BCE25 /* regular_4.png in Resources */ = {isa = PBXBuildFile; fileRef = 036006B72110F963009BCE25 /* regular_4.png */; };
		036006D62110F965009BCE25 /* regular_2_half@3x.png in Resources */ = {isa = PBXBuildFile; fileRef = 036006B82110F963009BCE25 /* regular_2_half@3x.png */; };
		036006D72110F965009BCE25 /* regular_3.png in Resources */ = {isa = PBXBuildFile; fileRef = 036006B92110F963009BCE25 /* regular_3.png */; };
		036006D82110F965009BCE25 /* regular_2_half.png in Resources */ = {isa = PBXBuildFile; fileRef = 036006BA2110F964009BCE25 /* regular_2_half.png */; };
		036006D92110F965009BCE25 /* regular_1_half@2x.png in Resources */ = {isa = PBXBuildFile; fileRef = 036006BB2110F964009BCE25 /* regular_1_half@2x.png */; };
		036006DA2110F965009BCE25 /* regular_2.png in Resources */ = {isa = PBXBuildFile; fileRef = 036006BC2110F965009BCE25 /* regular_2.png */; };
		036006DB2110F965009BCE25 /* regular_0@3x.png in Resources */ = {isa = PBXBuildFile; fileRef = 036006BD2110F965009BCE25 /* regular_0@3x.png */; };
		036006DC2110F965009BCE25 /* regular_3_half.png in Resources */ = {isa = PBXBuildFile; fileRef = 036006BE2110F965009BCE25 /* regular_3_half.png */; };
		036006DF2110FA9B009BCE25 /* Yelp_trademark_RGB_outline.png in Resources */ = {isa = PBXBuildFile; fileRef = 036006DE2110FA9A009BCE25 /* Yelp_trademark_RGB_outline.png */; };
		036390C62108EDC800A4CFB6 /* restaurant.swift in Sources */ = {isa = PBXBuildFile; fileRef = 036390C52108EDC800A4CFB6 /* restaurant.swift */; };
		03E52E1A2113A12D00BF9764 /* YelpService.swift in Sources */ = {isa = PBXBuildFile; fileRef = 03E52E192113A12D00BF9764 /* YelpService.swift */; };
		168996981700D4EF70E224B0 /* Pods_Fooder.framework in Frameworks */ = {isa = PBXBuildFile; fileRef = 0A01D9A95FA9363D6B71CC76 /* Pods_Fooder.framework */; };
/* End PBXBuildFile section */

/* Begin PBXContainerItemProxy section */
		031508762107BAA4001F0C1E /* PBXContainerItemProxy */ = {
			isa = PBXContainerItemProxy;
			containerPortal = 031508592107BAA3001F0C1E /* Project object */;
			proxyType = 1;
			remoteGlobalIDString = 031508602107BAA3001F0C1E;
			remoteInfo = Fooder;
		};
		031508812107BAA4001F0C1E /* PBXContainerItemProxy */ = {
			isa = PBXContainerItemProxy;
			containerPortal = 031508592107BAA3001F0C1E /* Project object */;
			proxyType = 1;
			remoteGlobalIDString = 031508602107BAA3001F0C1E;
			remoteInfo = Fooder;
		};
/* End PBXContainerItemProxy section */

/* Begin PBXFileReference section */
		031508612107BAA3001F0C1E /* Fooder.app */ = {isa = PBXFileReference; explicitFileType = wrapper.application; includeInIndex = 0; path = Fooder.app; sourceTree = BUILT_PRODUCTS_DIR; };
		031508642107BAA3001F0C1E /* AppDelegate.swift */ = {isa = PBXFileReference; lastKnownFileType = sourcecode.swift; path = AppDelegate.swift; sourceTree = "<group>"; };
		031508662107BAA3001F0C1E /* TinderScreen.swift */ = {isa = PBXFileReference; lastKnownFileType = sourcecode.swift; path = TinderScreen.swift; sourceTree = "<group>"; };
		031508692107BAA3001F0C1E /* Base */ = {isa = PBXFileReference; lastKnownFileType = file.storyboard; name = Base; path = Base.lproj/Main.storyboard; sourceTree = "<group>"; };
		0315086B2107BAA3001F0C1E /* Assets.xcassets */ = {isa = PBXFileReference; lastKnownFileType = folder.assetcatalog; path = Assets.xcassets; sourceTree = "<group>"; };
		0315086E2107BAA3001F0C1E /* Base */ = {isa = PBXFileReference; lastKnownFileType = file.storyboard; name = Base; path = Base.lproj/LaunchScreen.storyboard; sourceTree = "<group>"; };
		031508702107BAA3001F0C1E /* Info.plist */ = {isa = PBXFileReference; lastKnownFileType = text.plist.xml; path = Info.plist; sourceTree = "<group>"; };
		031508752107BAA4001F0C1E /* FooderTests.xctest */ = {isa = PBXFileReference; explicitFileType = wrapper.cfbundle; includeInIndex = 0; path = FooderTests.xctest; sourceTree = BUILT_PRODUCTS_DIR; };
		031508792107BAA4001F0C1E /* FooderTests.swift */ = {isa = PBXFileReference; lastKnownFileType = sourcecode.swift; path = FooderTests.swift; sourceTree = "<group>"; };
		0315087B2107BAA4001F0C1E /* Info.plist */ = {isa = PBXFileReference; lastKnownFileType = text.plist.xml; path = Info.plist; sourceTree = "<group>"; };
		031508802107BAA4001F0C1E /* FooderUITests.xctest */ = {isa = PBXFileReference; explicitFileType = wrapper.cfbundle; includeInIndex = 0; path = FooderUITests.xctest; sourceTree = BUILT_PRODUCTS_DIR; };
		031508842107BAA4001F0C1E /* FooderUITests.swift */ = {isa = PBXFileReference; lastKnownFileType = sourcecode.swift; path = FooderUITests.swift; sourceTree = "<group>"; };
		031508862107BAA4001F0C1E /* Info.plist */ = {isa = PBXFileReference; lastKnownFileType = text.plist.xml; path = Info.plist; sourceTree = "<group>"; };
		03165910210B900C000C8CCA /* HomeScreen.swift */ = {isa = PBXFileReference; lastKnownFileType = sourcecode.swift; path = HomeScreen.swift; sourceTree = "<group>"; };
		036006A12110F961009BCE25 /* regular_3_half@3x.png */ = {isa = PBXFileReference; lastKnownFileType = image.png; name = "regular_3_half@3x.png"; path = "yelp/regular_3_half@3x.png"; sourceTree = SOURCE_ROOT; };
		036006A22110F961009BCE25 /* regular_4_half.png */ = {isa = PBXFileReference; lastKnownFileType = image.png; name = regular_4_half.png; path = yelp/regular_4_half.png; sourceTree = SOURCE_ROOT; };
		036006A32110F961009BCE25 /* regular_5.png */ = {isa = PBXFileReference; lastKnownFileType = image.png; name = regular_5.png; path = yelp/regular_5.png; sourceTree = SOURCE_ROOT; };
		036006A42110F961009BCE25 /* regular_5@3x.png */ = {isa = PBXFileReference; lastKnownFileType = image.png; name = "regular_5@3x.png"; path = "yelp/regular_5@3x.png"; sourceTree = SOURCE_ROOT; };
		036006A52110F962009BCE25 /* regular_3_half@2x.png */ = {isa = PBXFileReference; lastKnownFileType = image.png; name = "regular_3_half@2x.png"; path = "yelp/regular_3_half@2x.png"; sourceTree = SOURCE_ROOT; };
		036006A62110F962009BCE25 /* regular_5@2x.png */ = {isa = PBXFileReference; lastKnownFileType = image.png; name = "regular_5@2x.png"; path = "yelp/regular_5@2x.png"; sourceTree = SOURCE_ROOT; };
		036006A72110F962009BCE25 /* regular_2_half@2x.png */ = {isa = PBXFileReference; lastKnownFileType = image.png; name = "regular_2_half@2x.png"; path = "yelp/regular_2_half@2x.png"; sourceTree = SOURCE_ROOT; };
		036006A82110F962009BCE25 /* regular_3@3x.png */ = {isa = PBXFileReference; lastKnownFileType = image.png; name = "regular_3@3x.png"; path = "yelp/regular_3@3x.png"; sourceTree = SOURCE_ROOT; };
		036006A92110F962009BCE25 /* regular_1@2x.png */ = {isa = PBXFileReference; lastKnownFileType = image.png; name = "regular_1@2x.png"; path = "yelp/regular_1@2x.png"; sourceTree = SOURCE_ROOT; };
		036006AA2110F962009BCE25 /* regular_0.png */ = {isa = PBXFileReference; lastKnownFileType = image.png; name = regular_0.png; path = yelp/regular_0.png; sourceTree = SOURCE_ROOT; };
		036006AB2110F962009BCE25 /* regular_1_half@3x.png */ = {isa = PBXFileReference; lastKnownFileType = image.png; name = "regular_1_half@3x.png"; path = "yelp/regular_1_half@3x.png"; sourceTree = SOURCE_ROOT; };
		036006AC2110F962009BCE25 /* regular_3@2x.png */ = {isa = PBXFileReference; lastKnownFileType = image.png; name = "regular_3@2x.png"; path = "yelp/regular_3@2x.png"; sourceTree = SOURCE_ROOT; };
		036006AD2110F962009BCE25 /* regular_4@2x.png */ = {isa = PBXFileReference; lastKnownFileType = image.png; name = "regular_4@2x.png"; path = "yelp/regular_4@2x.png"; sourceTree = SOURCE_ROOT; };
		036006AE2110F962009BCE25 /* regular_1@3x.png */ = {isa = PBXFileReference; lastKnownFileType = image.png; name = "regular_1@3x.png"; path = "yelp/regular_1@3x.png"; sourceTree = SOURCE_ROOT; };
		036006AF2110F962009BCE25 /* regular_1_half.png */ = {isa = PBXFileReference; lastKnownFileType = image.png; name = regular_1_half.png; path = yelp/regular_1_half.png; sourceTree = SOURCE_ROOT; };
		036006B02110F962009BCE25 /* regular_4@3x.png */ = {isa = PBXFileReference; lastKnownFileType = image.png; name = "regular_4@3x.png"; path = "yelp/regular_4@3x.png"; sourceTree = SOURCE_ROOT; };
		036006B12110F962009BCE25 /* regular_2@3x.png */ = {isa = PBXFileReference; lastKnownFileType = image.png; name = "regular_2@3x.png"; path = "yelp/regular_2@3x.png"; sourceTree = SOURCE_ROOT; };
		036006B22110F962009BCE25 /* regular_4_half@3x.png */ = {isa = PBXFileReference; lastKnownFileType = image.png; name = "regular_4_half@3x.png"; path = "yelp/regular_4_half@3x.png"; sourceTree = SOURCE_ROOT; };
		036006B32110F963009BCE25 /* regular_1.png */ = {isa = PBXFileReference; lastKnownFileType = image.png; name = regular_1.png; path = yelp/regular_1.png; sourceTree = SOURCE_ROOT; };
		036006B42110F963009BCE25 /* regular_2@2x.png */ = {isa = PBXFileReference; lastKnownFileType = image.png; name = "regular_2@2x.png"; path = "yelp/regular_2@2x.png"; sourceTree = SOURCE_ROOT; };
		036006B52110F963009BCE25 /* regular_4_half@2x.png */ = {isa = PBXFileReference; lastKnownFileType = image.png; name = "regular_4_half@2x.png"; path = "yelp/regular_4_half@2x.png"; sourceTree = SOURCE_ROOT; };
		036006B62110F963009BCE25 /* regular_0@2x.png */ = {isa = PBXFileReference; lastKnownFileType = image.png; name = "regular_0@2x.png"; path = "yelp/regular_0@2x.png"; sourceTree = SOURCE_ROOT; };
		036006B72110F963009BCE25 /* regular_4.png */ = {isa = PBXFileReference; lastKnownFileType = image.png; name = regular_4.png; path = yelp/regular_4.png; sourceTree = SOURCE_ROOT; };
		036006B82110F963009BCE25 /* regular_2_half@3x.png */ = {isa = PBXFileReference; lastKnownFileType = image.png; name = "regular_2_half@3x.png"; path = "yelp/regular_2_half@3x.png"; sourceTree = SOURCE_ROOT; };
		036006B92110F963009BCE25 /* regular_3.png */ = {isa = PBXFileReference; lastKnownFileType = image.png; name = regular_3.png; path = yelp/regular_3.png; sourceTree = SOURCE_ROOT; };
		036006BA2110F964009BCE25 /* regular_2_half.png */ = {isa = PBXFileReference; lastKnownFileType = image.png; name = regular_2_half.png; path = yelp/regular_2_half.png; sourceTree = SOURCE_ROOT; };
		036006BB2110F964009BCE25 /* regular_1_half@2x.png */ = {isa = PBXFileReference; lastKnownFileType = image.png; name = "regular_1_half@2x.png"; path = "yelp/regular_1_half@2x.png"; sourceTree = SOURCE_ROOT; };
		036006BC2110F965009BCE25 /* regular_2.png */ = {isa = PBXFileReference; lastKnownFileType = image.png; name = regular_2.png; path = yelp/regular_2.png; sourceTree = SOURCE_ROOT; };
		036006BD2110F965009BCE25 /* regular_0@3x.png */ = {isa = PBXFileReference; lastKnownFileType = image.png; name = "regular_0@3x.png"; path = "yelp/regular_0@3x.png"; sourceTree = SOURCE_ROOT; };
		036006BE2110F965009BCE25 /* regular_3_half.png */ = {isa = PBXFileReference; lastKnownFileType = image.png; name = regular_3_half.png; path = yelp/regular_3_half.png; sourceTree = SOURCE_ROOT; };
		036006DE2110FA9A009BCE25 /* Yelp_trademark_RGB_outline.png */ = {isa = PBXFileReference; lastKnownFileType = image.png; name = Yelp_trademark_RGB_outline.png; path = yelp/Yelp_trademark_RGB_outline.png; sourceTree = SOURCE_ROOT; };
		036390C52108EDC800A4CFB6 /* restaurant.swift */ = {isa = PBXFileReference; lastKnownFileType = sourcecode.swift; path = restaurant.swift; sourceTree = "<group>"; };
		03E52E192113A12D00BF9764 /* YelpService.swift */ = {isa = PBXFileReference; lastKnownFileType = sourcecode.swift; path = YelpService.swift; sourceTree = "<group>"; };
		0A01D9A95FA9363D6B71CC76 /* Pods_Fooder.framework */ = {isa = PBXFileReference; explicitFileType = wrapper.framework; includeInIndex = 0; path = Pods_Fooder.framework; sourceTree = BUILT_PRODUCTS_DIR; };
		18C4450C1632C1CFC123B1FD /* Pods-Fooder.debug.xcconfig */ = {isa = PBXFileReference; includeInIndex = 1; lastKnownFileType = text.xcconfig; name = "Pods-Fooder.debug.xcconfig"; path = "Pods/Target Support Files/Pods-Fooder/Pods-Fooder.debug.xcconfig"; sourceTree = "<group>"; };
		8A0B591A07DE9D904D500002 /* Pods-Fooder.release.xcconfig */ = {isa = PBXFileReference; includeInIndex = 1; lastKnownFileType = text.xcconfig; name = "Pods-Fooder.release.xcconfig"; path = "Pods/Target Support Files/Pods-Fooder/Pods-Fooder.release.xcconfig"; sourceTree = "<group>"; };
/* End PBXFileReference section */

/* Begin PBXFrameworksBuildPhase section */
		0315085E2107BAA3001F0C1E /* Frameworks */ = {
			isa = PBXFrameworksBuildPhase;
			buildActionMask = 2147483647;
			files = (
				168996981700D4EF70E224B0 /* Pods_Fooder.framework in Frameworks */,
			);
			runOnlyForDeploymentPostprocessing = 0;
		};
		031508722107BAA4001F0C1E /* Frameworks */ = {
			isa = PBXFrameworksBuildPhase;
			buildActionMask = 2147483647;
			files = (
			);
			runOnlyForDeploymentPostprocessing = 0;
		};
		0315087D2107BAA4001F0C1E /* Frameworks */ = {
			isa = PBXFrameworksBuildPhase;
			buildActionMask = 2147483647;
			files = (
			);
			runOnlyForDeploymentPostprocessing = 0;
		};
/* End PBXFrameworksBuildPhase section */

/* Begin PBXGroup section */
		031508582107BAA3001F0C1E = {
			isa = PBXGroup;
			children = (
				031508632107BAA3001F0C1E /* Fooder */,
				031508782107BAA4001F0C1E /* FooderTests */,
				031508832107BAA4001F0C1E /* FooderUITests */,
				031508622107BAA3001F0C1E /* Products */,
				03AD3A182107E6EC00ED2972 /* Photos */,
				9CE87C4D04CE2815031A00F1 /* Pods */,
				7D1551A7B4AD70B6DCFE9D9F /* Frameworks */,
			);
			sourceTree = "<group>";
		};
		031508622107BAA3001F0C1E /* Products */ = {
			isa = PBXGroup;
			children = (
				031508612107BAA3001F0C1E /* Fooder.app */,
				031508752107BAA4001F0C1E /* FooderTests.xctest */,
				031508802107BAA4001F0C1E /* FooderUITests.xctest */,
			);
			name = Products;
			sourceTree = "<group>";
		};
		031508632107BAA3001F0C1E /* Fooder */ = {
			isa = PBXGroup;
			children = (
				03E52E182113A10400BF9764 /* Helpers */,
				036390C42108EDAB00A4CFB6 /* classes  */,
				03AD3A5E2108E09100ED2972 /* viewControllers */,
				031508682107BAA3001F0C1E /* Main.storyboard */,
				0315086B2107BAA3001F0C1E /* Assets.xcassets */,
				0315086D2107BAA3001F0C1E /* LaunchScreen.storyboard */,
				031508702107BAA3001F0C1E /* Info.plist */,
			);
			path = Fooder;
			sourceTree = "<group>";
		};
		031508782107BAA4001F0C1E /* FooderTests */ = {
			isa = PBXGroup;
			children = (
				031508792107BAA4001F0C1E /* FooderTests.swift */,
				0315087B2107BAA4001F0C1E /* Info.plist */,
			);
			path = FooderTests;
			sourceTree = "<group>";
		};
		031508832107BAA4001F0C1E /* FooderUITests */ = {
			isa = PBXGroup;
			children = (
				031508842107BAA4001F0C1E /* FooderUITests.swift */,
				031508862107BAA4001F0C1E /* Info.plist */,
			);
			path = FooderUITests;
			sourceTree = "<group>";
		};
		036390C42108EDAB00A4CFB6 /* classes  */ = {
			isa = PBXGroup;
			children = (
				036390C52108EDC800A4CFB6 /* restaurant.swift */,
			);
			path = "classes ";
			sourceTree = "<group>";
		};
		03AD3A182107E6EC00ED2972 /* Photos */ = {
			isa = PBXGroup;
			children = (
				036006DE2110FA9A009BCE25 /* Yelp_trademark_RGB_outline.png */,
				036006AA2110F962009BCE25 /* regular_0.png */,
				036006B62110F963009BCE25 /* regular_0@2x.png */,
				036006BD2110F965009BCE25 /* regular_0@3x.png */,
				036006AF2110F962009BCE25 /* regular_1_half.png */,
				036006BB2110F964009BCE25 /* regular_1_half@2x.png */,
				036006AB2110F962009BCE25 /* regular_1_half@3x.png */,
				036006B32110F963009BCE25 /* regular_1.png */,
				036006A92110F962009BCE25 /* regular_1@2x.png */,
				036006AE2110F962009BCE25 /* regular_1@3x.png */,
				036006BA2110F964009BCE25 /* regular_2_half.png */,
				036006A72110F962009BCE25 /* regular_2_half@2x.png */,
				036006B82110F963009BCE25 /* regular_2_half@3x.png */,
				036006BC2110F965009BCE25 /* regular_2.png */,
				036006B42110F963009BCE25 /* regular_2@2x.png */,
				036006B12110F962009BCE25 /* regular_2@3x.png */,
				036006BE2110F965009BCE25 /* regular_3_half.png */,
				036006A52110F962009BCE25 /* regular_3_half@2x.png */,
				036006A12110F961009BCE25 /* regular_3_half@3x.png */,
				036006B92110F963009BCE25 /* regular_3.png */,
				036006AC2110F962009BCE25 /* regular_3@2x.png */,
				036006A82110F962009BCE25 /* regular_3@3x.png */,
				036006A22110F961009BCE25 /* regular_4_half.png */,
				036006B52110F963009BCE25 /* regular_4_half@2x.png */,
				036006B22110F962009BCE25 /* regular_4_half@3x.png */,
				036006B72110F963009BCE25 /* regular_4.png */,
				036006AD2110F962009BCE25 /* regular_4@2x.png */,
				036006B02110F962009BCE25 /* regular_4@3x.png */,
				036006A32110F961009BCE25 /* regular_5.png */,
				036006A62110F962009BCE25 /* regular_5@2x.png */,
				036006A42110F961009BCE25 /* regular_5@3x.png */,
			);
			path = Photos;
			sourceTree = "<group>";
		};
		03AD3A5E2108E09100ED2972 /* viewControllers */ = {
			isa = PBXGroup;
			children = (
				03165910210B900C000C8CCA /* HomeScreen.swift */,
				031508662107BAA3001F0C1E /* TinderScreen.swift */,
				031508642107BAA3001F0C1E /* AppDelegate.swift */,
			);
			path = viewControllers;
			sourceTree = "<group>";
		};
		03E52E182113A10400BF9764 /* Helpers */ = {
			isa = PBXGroup;
			children = (
				03E52E192113A12D00BF9764 /* YelpService.swift */,
			);
			path = Helpers;
			sourceTree = "<group>";
		};
		7D1551A7B4AD70B6DCFE9D9F /* Frameworks */ = {
			isa = PBXGroup;
			children = (
				0A01D9A95FA9363D6B71CC76 /* Pods_Fooder.framework */,
			);
			name = Frameworks;
			sourceTree = "<group>";
		};
		9CE87C4D04CE2815031A00F1 /* Pods */ = {
			isa = PBXGroup;
			children = (
				18C4450C1632C1CFC123B1FD /* Pods-Fooder.debug.xcconfig */,
				8A0B591A07DE9D904D500002 /* Pods-Fooder.release.xcconfig */,
			);
			name = Pods;
			sourceTree = "<group>";
		};
/* End PBXGroup section */

/* Begin PBXNativeTarget section */
		031508602107BAA3001F0C1E /* Fooder */ = {
			isa = PBXNativeTarget;
			buildConfigurationList = 031508892107BAA4001F0C1E /* Build configuration list for PBXNativeTarget "Fooder" */;
			buildPhases = (
				68C432F457E81C1A1D42904F /* [CP] Check Pods Manifest.lock */,
				0315085D2107BAA3001F0C1E /* Sources */,
				0315085E2107BAA3001F0C1E /* Frameworks */,
				0315085F2107BAA3001F0C1E /* Resources */,
				3DEDAA2C20D451A344963953 /* [CP] Embed Pods Frameworks */,
			);
			buildRules = (
			);
			dependencies = (
			);
			name = Fooder;
			productName = Fooder;
			productReference = 031508612107BAA3001F0C1E /* Fooder.app */;
			productType = "com.apple.product-type.application";
		};
		031508742107BAA4001F0C1E /* FooderTests */ = {
			isa = PBXNativeTarget;
			buildConfigurationList = 0315088C2107BAA4001F0C1E /* Build configuration list for PBXNativeTarget "FooderTests" */;
			buildPhases = (
				031508712107BAA4001F0C1E /* Sources */,
				031508722107BAA4001F0C1E /* Frameworks */,
				031508732107BAA4001F0C1E /* Resources */,
			);
			buildRules = (
			);
			dependencies = (
				031508772107BAA4001F0C1E /* PBXTargetDependency */,
			);
			name = FooderTests;
			productName = FooderTests;
			productReference = 031508752107BAA4001F0C1E /* FooderTests.xctest */;
			productType = "com.apple.product-type.bundle.unit-test";
		};
		0315087F2107BAA4001F0C1E /* FooderUITests */ = {
			isa = PBXNativeTarget;
			buildConfigurationList = 0315088F2107BAA4001F0C1E /* Build configuration list for PBXNativeTarget "FooderUITests" */;
			buildPhases = (
				0315087C2107BAA4001F0C1E /* Sources */,
				0315087D2107BAA4001F0C1E /* Frameworks */,
				0315087E2107BAA4001F0C1E /* Resources */,
			);
			buildRules = (
			);
			dependencies = (
				031508822107BAA4001F0C1E /* PBXTargetDependency */,
			);
			name = FooderUITests;
			productName = FooderUITests;
			productReference = 031508802107BAA4001F0C1E /* FooderUITests.xctest */;
			productType = "com.apple.product-type.bundle.ui-testing";
		};
/* End PBXNativeTarget section */

/* Begin PBXProject section */
		031508592107BAA3001F0C1E /* Project object */ = {
			isa = PBXProject;
			attributes = {
				LastSwiftUpdateCheck = 0940;
				LastUpgradeCheck = 0940;
				ORGANIZATIONNAME = "Josh Bergstrom";
				TargetAttributes = {
					031508602107BAA3001F0C1E = {
						CreatedOnToolsVersion = 9.4.1;
					};
					031508742107BAA4001F0C1E = {
						CreatedOnToolsVersion = 9.4.1;
						TestTargetID = 031508602107BAA3001F0C1E;
					};
					0315087F2107BAA4001F0C1E = {
						CreatedOnToolsVersion = 9.4.1;
						TestTargetID = 031508602107BAA3001F0C1E;
					};
				};
			};
			buildConfigurationList = 0315085C2107BAA3001F0C1E /* Build configuration list for PBXProject "Fooder" */;
			compatibilityVersion = "Xcode 9.3";
			developmentRegion = en;
			hasScannedForEncodings = 0;
			knownRegions = (
				en,
				Base,
			);
			mainGroup = 031508582107BAA3001F0C1E;
			productRefGroup = 031508622107BAA3001F0C1E /* Products */;
			projectDirPath = "";
			projectRoot = "";
			targets = (
				031508602107BAA3001F0C1E /* Fooder */,
				031508742107BAA4001F0C1E /* FooderTests */,
				0315087F2107BAA4001F0C1E /* FooderUITests */,
			);
		};
/* End PBXProject section */

/* Begin PBXResourcesBuildPhase section */
		0315085F2107BAA3001F0C1E /* Resources */ = {
			isa = PBXResourcesBuildPhase;
			buildActionMask = 2147483647;
			files = (
				036006C32110F965009BCE25 /* regular_3_half@2x.png in Resources */,
				036006D32110F965009BCE25 /* regular_4_half@2x.png in Resources */,
				036006D02110F965009BCE25 /* regular_4_half@3x.png in Resources */,
				036006D12110F965009BCE25 /* regular_1.png in Resources */,
				036006CD2110F965009BCE25 /* regular_1_half.png in Resources */,
				036006D22110F965009BCE25 /* regular_2@2x.png in Resources */,
				036006C42110F965009BCE25 /* regular_5@2x.png in Resources */,
				036006D52110F965009BCE25 /* regular_4.png in Resources */,
				036006CB2110F965009BCE25 /* regular_4@2x.png in Resources */,
				036006CE2110F965009BCE25 /* regular_4@3x.png in Resources */,
				036006D92110F965009BCE25 /* regular_1_half@2x.png in Resources */,
				036006C22110F965009BCE25 /* regular_5@3x.png in Resources */,
				0315086F2107BAA3001F0C1E /* LaunchScreen.storyboard in Resources */,
				036006BF2110F965009BCE25 /* regular_3_half@3x.png in Resources */,
				036006C62110F965009BCE25 /* regular_3@3x.png in Resources */,
				036006DB2110F965009BCE25 /* regular_0@3x.png in Resources */,
				036006DF2110FA9B009BCE25 /* Yelp_trademark_RGB_outline.png in Resources */,
				0315086C2107BAA3001F0C1E /* Assets.xcassets in Resources */,
				036006D62110F965009BCE25 /* regular_2_half@3x.png in Resources */,
				036006D72110F965009BCE25 /* regular_3.png in Resources */,
				0315086A2107BAA3001F0C1E /* Main.storyboard in Resources */,
				036006CC2110F965009BCE25 /* regular_1@3x.png in Resources */,
				036006DC2110F965009BCE25 /* regular_3_half.png in Resources */,
				036006C52110F965009BCE25 /* regular_2_half@2x.png in Resources */,
				036006CF2110F965009BCE25 /* regular_2@3x.png in Resources */,
				036006CA2110F965009BCE25 /* regular_3@2x.png in Resources */,
				036006C12110F965009BCE25 /* regular_5.png in Resources */,
				036006C82110F965009BCE25 /* regular_0.png in Resources */,
				036006D42110F965009BCE25 /* regular_0@2x.png in Resources */,
				036006D82110F965009BCE25 /* regular_2_half.png in Resources */,
				036006DA2110F965009BCE25 /* regular_2.png in Resources */,
				036006C02110F965009BCE25 /* regular_4_half.png in Resources */,
				036006C72110F965009BCE25 /* regular_1@2x.png in Resources */,
				036006C92110F965009BCE25 /* regular_1_half@3x.png in Resources */,
			);
			runOnlyForDeploymentPostprocessing = 0;
		};
		031508732107BAA4001F0C1E /* Resources */ = {
			isa = PBXResourcesBuildPhase;
			buildActionMask = 2147483647;
			files = (
			);
			runOnlyForDeploymentPostprocessing = 0;
		};
		0315087E2107BAA4001F0C1E /* Resources */ = {
			isa = PBXResourcesBuildPhase;
			buildActionMask = 2147483647;
			files = (
			);
			runOnlyForDeploymentPostprocessing = 0;
		};
/* End PBXResourcesBuildPhase section */

/* Begin PBXShellScriptBuildPhase section */
		3DEDAA2C20D451A344963953 /* [CP] Embed Pods Frameworks */ = {
			isa = PBXShellScriptBuildPhase;
			buildActionMask = 2147483647;
			files = (
			);
			inputPaths = (
				"${SRCROOT}/Pods/Target Support Files/Pods-Fooder/Pods-Fooder-frameworks.sh",
				"${BUILT_PRODUCTS_DIR}/Alamofire/Alamofire.framework",
				"${BUILT_PRODUCTS_DIR}/AlamofireImage/AlamofireImage.framework",
				"${BUILT_PRODUCTS_DIR}/SwiftyJSON/SwiftyJSON.framework",
			);
			name = "[CP] Embed Pods Frameworks";
			outputPaths = (
				"${TARGET_BUILD_DIR}/${FRAMEWORKS_FOLDER_PATH}/Alamofire.framework",
				"${TARGET_BUILD_DIR}/${FRAMEWORKS_FOLDER_PATH}/AlamofireImage.framework",
				"${TARGET_BUILD_DIR}/${FRAMEWORKS_FOLDER_PATH}/SwiftyJSON.framework",
			);
			runOnlyForDeploymentPostprocessing = 0;
			shellPath = /bin/sh;
			shellScript = "\"${SRCROOT}/Pods/Target Support Files/Pods-Fooder/Pods-Fooder-frameworks.sh\"\n";
			showEnvVarsInLog = 0;
		};
		68C432F457E81C1A1D42904F /* [CP] Check Pods Manifest.lock */ = {
			isa = PBXShellScriptBuildPhase;
			buildActionMask = 2147483647;
			files = (
			);
			inputPaths = (
				"${PODS_PODFILE_DIR_PATH}/Podfile.lock",
				"${PODS_ROOT}/Manifest.lock",
			);
			name = "[CP] Check Pods Manifest.lock";
			outputPaths = (
				"$(DERIVED_FILE_DIR)/Pods-Fooder-checkManifestLockResult.txt",
			);
			runOnlyForDeploymentPostprocessing = 0;
			shellPath = /bin/sh;
			shellScript = "diff \"${PODS_PODFILE_DIR_PATH}/Podfile.lock\" \"${PODS_ROOT}/Manifest.lock\" > /dev/null\nif [ $? != 0 ] ; then\n    # print error to STDERR\n    echo \"error: The sandbox is not in sync with the Podfile.lock. Run 'pod install' or update your CocoaPods installation.\" >&2\n    exit 1\nfi\n# This output is used by Xcode 'outputs' to avoid re-running this script phase.\necho \"SUCCESS\" > \"${SCRIPT_OUTPUT_FILE_0}\"\n";
			showEnvVarsInLog = 0;
		};
/* End PBXShellScriptBuildPhase section */

/* Begin PBXSourcesBuildPhase section */
		0315085D2107BAA3001F0C1E /* Sources */ = {
			isa = PBXSourcesBuildPhase;
			buildActionMask = 2147483647;
			files = (
				036390C62108EDC800A4CFB6 /* restaurant.swift in Sources */,
				03165911210B900C000C8CCA /* HomeScreen.swift in Sources */,
				031508672107BAA3001F0C1E /* TinderScreen.swift in Sources */,
				031508652107BAA3001F0C1E /* AppDelegate.swift in Sources */,
				03E52E1A2113A12D00BF9764 /* YelpService.swift in Sources */,
			);
			runOnlyForDeploymentPostprocessing = 0;
		};
		031508712107BAA4001F0C1E /* Sources */ = {
			isa = PBXSourcesBuildPhase;
			buildActionMask = 2147483647;
			files = (
				0315087A2107BAA4001F0C1E /* FooderTests.swift in Sources */,
			);
			runOnlyForDeploymentPostprocessing = 0;
		};
		0315087C2107BAA4001F0C1E /* Sources */ = {
			isa = PBXSourcesBuildPhase;
			buildActionMask = 2147483647;
			files = (
				031508852107BAA4001F0C1E /* FooderUITests.swift in Sources */,
			);
			runOnlyForDeploymentPostprocessing = 0;
		};
/* End PBXSourcesBuildPhase section */

/* Begin PBXTargetDependency section */
		031508772107BAA4001F0C1E /* PBXTargetDependency */ = {
			isa = PBXTargetDependency;
			target = 031508602107BAA3001F0C1E /* Fooder */;
			targetProxy = 031508762107BAA4001F0C1E /* PBXContainerItemProxy */;
		};
		031508822107BAA4001F0C1E /* PBXTargetDependency */ = {
			isa = PBXTargetDependency;
			target = 031508602107BAA3001F0C1E /* Fooder */;
			targetProxy = 031508812107BAA4001F0C1E /* PBXContainerItemProxy */;
		};
/* End PBXTargetDependency section */

/* Begin PBXVariantGroup section */
		031508682107BAA3001F0C1E /* Main.storyboard */ = {
			isa = PBXVariantGroup;
			children = (
				031508692107BAA3001F0C1E /* Base */,
			);
			name = Main.storyboard;
			sourceTree = "<group>";
		};
		0315086D2107BAA3001F0C1E /* LaunchScreen.storyboard */ = {
			isa = PBXVariantGroup;
			children = (
				0315086E2107BAA3001F0C1E /* Base */,
			);
			name = LaunchScreen.storyboard;
			sourceTree = "<group>";
		};
/* End PBXVariantGroup section */

/* Begin XCBuildConfiguration section */
		031508872107BAA4001F0C1E /* Debug */ = {
			isa = XCBuildConfiguration;
			buildSettings = {
				ALWAYS_SEARCH_USER_PATHS = NO;
				CLANG_ANALYZER_NONNULL = YES;
				CLANG_ANALYZER_NUMBER_OBJECT_CONVERSION = YES_AGGRESSIVE;
				CLANG_CXX_LANGUAGE_STANDARD = "gnu++14";
				CLANG_CXX_LIBRARY = "libc++";
				CLANG_ENABLE_MODULES = YES;
				CLANG_ENABLE_OBJC_ARC = YES;
				CLANG_ENABLE_OBJC_WEAK = YES;
				CLANG_WARN_BLOCK_CAPTURE_AUTORELEASING = YES;
				CLANG_WARN_BOOL_CONVERSION = YES;
				CLANG_WARN_COMMA = YES;
				CLANG_WARN_CONSTANT_CONVERSION = YES;
				CLANG_WARN_DEPRECATED_OBJC_IMPLEMENTATIONS = YES;
				CLANG_WARN_DIRECT_OBJC_ISA_USAGE = YES_ERROR;
				CLANG_WARN_DOCUMENTATION_COMMENTS = YES;
				CLANG_WARN_EMPTY_BODY = YES;
				CLANG_WARN_ENUM_CONVERSION = YES;
				CLANG_WARN_INFINITE_RECURSION = YES;
				CLANG_WARN_INT_CONVERSION = YES;
				CLANG_WARN_NON_LITERAL_NULL_CONVERSION = YES;
				CLANG_WARN_OBJC_IMPLICIT_RETAIN_SELF = YES;
				CLANG_WARN_OBJC_LITERAL_CONVERSION = YES;
				CLANG_WARN_OBJC_ROOT_CLASS = YES_ERROR;
				CLANG_WARN_RANGE_LOOP_ANALYSIS = YES;
				CLANG_WARN_STRICT_PROTOTYPES = YES;
				CLANG_WARN_SUSPICIOUS_MOVE = YES;
				CLANG_WARN_UNGUARDED_AVAILABILITY = YES_AGGRESSIVE;
				CLANG_WARN_UNREACHABLE_CODE = YES;
				CLANG_WARN__DUPLICATE_METHOD_MATCH = YES;
				CODE_SIGN_IDENTITY = "iPhone Developer";
				COPY_PHASE_STRIP = NO;
				DEBUG_INFORMATION_FORMAT = dwarf;
				ENABLE_STRICT_OBJC_MSGSEND = YES;
				ENABLE_TESTABILITY = YES;
				GCC_C_LANGUAGE_STANDARD = gnu11;
				GCC_DYNAMIC_NO_PIC = NO;
				GCC_NO_COMMON_BLOCKS = YES;
				GCC_OPTIMIZATION_LEVEL = 0;
				GCC_PREPROCESSOR_DEFINITIONS = (
					"DEBUG=1",
					"$(inherited)",
				);
				GCC_WARN_64_TO_32_BIT_CONVERSION = YES;
				GCC_WARN_ABOUT_RETURN_TYPE = YES_ERROR;
				GCC_WARN_UNDECLARED_SELECTOR = YES;
				GCC_WARN_UNINITIALIZED_AUTOS = YES_AGGRESSIVE;
				GCC_WARN_UNUSED_FUNCTION = YES;
				GCC_WARN_UNUSED_VARIABLE = YES;
				IPHONEOS_DEPLOYMENT_TARGET = 11.4;
				MTL_ENABLE_DEBUG_INFO = YES;
				ONLY_ACTIVE_ARCH = YES;
				SDKROOT = iphoneos;
				SWIFT_ACTIVE_COMPILATION_CONDITIONS = DEBUG;
				SWIFT_OPTIMIZATION_LEVEL = "-Onone";
			};
			name = Debug;
		};
		031508882107BAA4001F0C1E /* Release */ = {
			isa = XCBuildConfiguration;
			buildSettings = {
				ALWAYS_SEARCH_USER_PATHS = NO;
				CLANG_ANALYZER_NONNULL = YES;
				CLANG_ANALYZER_NUMBER_OBJECT_CONVERSION = YES_AGGRESSIVE;
				CLANG_CXX_LANGUAGE_STANDARD = "gnu++14";
				CLANG_CXX_LIBRARY = "libc++";
				CLANG_ENABLE_MODULES = YES;
				CLANG_ENABLE_OBJC_ARC = YES;
				CLANG_ENABLE_OBJC_WEAK = YES;
				CLANG_WARN_BLOCK_CAPTURE_AUTORELEASING = YES;
				CLANG_WARN_BOOL_CONVERSION = YES;
				CLANG_WARN_COMMA = YES;
				CLANG_WARN_CONSTANT_CONVERSION = YES;
				CLANG_WARN_DEPRECATED_OBJC_IMPLEMENTATIONS = YES;
				CLANG_WARN_DIRECT_OBJC_ISA_USAGE = YES_ERROR;
				CLANG_WARN_DOCUMENTATION_COMMENTS = YES;
				CLANG_WARN_EMPTY_BODY = YES;
				CLANG_WARN_ENUM_CONVERSION = YES;
				CLANG_WARN_INFINITE_RECURSION = YES;
				CLANG_WARN_INT_CONVERSION = YES;
				CLANG_WARN_NON_LITERAL_NULL_CONVERSION = YES;
				CLANG_WARN_OBJC_IMPLICIT_RETAIN_SELF = YES;
				CLANG_WARN_OBJC_LITERAL_CONVERSION = YES;
				CLANG_WARN_OBJC_ROOT_CLASS = YES_ERROR;
				CLANG_WARN_RANGE_LOOP_ANALYSIS = YES;
				CLANG_WARN_STRICT_PROTOTYPES = YES;
				CLANG_WARN_SUSPICIOUS_MOVE = YES;
				CLANG_WARN_UNGUARDED_AVAILABILITY = YES_AGGRESSIVE;
				CLANG_WARN_UNREACHABLE_CODE = YES;
				CLANG_WARN__DUPLICATE_METHOD_MATCH = YES;
				CODE_SIGN_IDENTITY = "iPhone Developer";
				COPY_PHASE_STRIP = NO;
				DEBUG_INFORMATION_FORMAT = "dwarf-with-dsym";
				ENABLE_NS_ASSERTIONS = NO;
				ENABLE_STRICT_OBJC_MSGSEND = YES;
				GCC_C_LANGUAGE_STANDARD = gnu11;
				GCC_NO_COMMON_BLOCKS = YES;
				GCC_WARN_64_TO_32_BIT_CONVERSION = YES;
				GCC_WARN_ABOUT_RETURN_TYPE = YES_ERROR;
				GCC_WARN_UNDECLARED_SELECTOR = YES;
				GCC_WARN_UNINITIALIZED_AUTOS = YES_AGGRESSIVE;
				GCC_WARN_UNUSED_FUNCTION = YES;
				GCC_WARN_UNUSED_VARIABLE = YES;
				IPHONEOS_DEPLOYMENT_TARGET = 11.4;
				MTL_ENABLE_DEBUG_INFO = NO;
				SDKROOT = iphoneos;
				SWIFT_COMPILATION_MODE = wholemodule;
				SWIFT_OPTIMIZATION_LEVEL = "-O";
				VALIDATE_PRODUCT = YES;
			};
			name = Release;
		};
		0315088A2107BAA4001F0C1E /* Debug */ = {
			isa = XCBuildConfiguration;
			baseConfigurationReference = 18C4450C1632C1CFC123B1FD /* Pods-Fooder.debug.xcconfig */;
			buildSettings = {
				ASSETCATALOG_COMPILER_APPICON_NAME = AppIcon;
				CODE_SIGN_STYLE = Automatic;
				DEVELOPMENT_TEAM = 2QSUM4X588;
				INFOPLIST_FILE = Fooder/Info.plist;
				LD_RUNPATH_SEARCH_PATHS = (
					"$(inherited)",
					"@executable_path/Frameworks",
				);
				PRODUCT_BUNDLE_IDENTIFIER = com.josh.Fooder;
				PRODUCT_NAME = "$(TARGET_NAME)";
				SWIFT_VERSION = 4.0;
				TARGETED_DEVICE_FAMILY = "1,2";
			};
			name = Debug;
		};
		0315088B2107BAA4001F0C1E /* Release */ = {
			isa = XCBuildConfiguration;
			baseConfigurationReference = 8A0B591A07DE9D904D500002 /* Pods-Fooder.release.xcconfig */;
			buildSettings = {
				ASSETCATALOG_COMPILER_APPICON_NAME = AppIcon;
				CODE_SIGN_STYLE = Automatic;
				DEVELOPMENT_TEAM = 2QSUM4X588;
				INFOPLIST_FILE = Fooder/Info.plist;
				LD_RUNPATH_SEARCH_PATHS = (
					"$(inherited)",
					"@executable_path/Frameworks",
				);
				PRODUCT_BUNDLE_IDENTIFIER = com.josh.Fooder;
				PRODUCT_NAME = "$(TARGET_NAME)";
				SWIFT_VERSION = 4.0;
				TARGETED_DEVICE_FAMILY = "1,2";
			};
			name = Release;
		};
		0315088D2107BAA4001F0C1E /* Debug */ = {
			isa = XCBuildConfiguration;
			buildSettings = {
				ALWAYS_EMBED_SWIFT_STANDARD_LIBRARIES = YES;
				BUNDLE_LOADER = "$(TEST_HOST)";
				CODE_SIGN_STYLE = Automatic;
				DEVELOPMENT_TEAM = 2QSUM4X588;
				INFOPLIST_FILE = FooderTests/Info.plist;
				LD_RUNPATH_SEARCH_PATHS = (
					"$(inherited)",
					"@executable_path/Frameworks",
					"@loader_path/Frameworks",
				);
				PRODUCT_BUNDLE_IDENTIFIER = com.josh.FooderTests;
				PRODUCT_NAME = "$(TARGET_NAME)";
				SWIFT_VERSION = 4.0;
				TARGETED_DEVICE_FAMILY = "1,2";
				TEST_HOST = "$(BUILT_PRODUCTS_DIR)/Fooder.app/Fooder";
			};
			name = Debug;
		};
		0315088E2107BAA4001F0C1E /* Release */ = {
			isa = XCBuildConfiguration;
			buildSettings = {
				ALWAYS_EMBED_SWIFT_STANDARD_LIBRARIES = YES;
				BUNDLE_LOADER = "$(TEST_HOST)";
				CODE_SIGN_STYLE = Automatic;
				DEVELOPMENT_TEAM = 2QSUM4X588;
				INFOPLIST_FILE = FooderTests/Info.plist;
				LD_RUNPATH_SEARCH_PATHS = (
					"$(inherited)",
					"@executable_path/Frameworks",
					"@loader_path/Frameworks",
				);
				PRODUCT_BUNDLE_IDENTIFIER = com.josh.FooderTests;
				PRODUCT_NAME = "$(TARGET_NAME)";
				SWIFT_VERSION = 4.0;
				TARGETED_DEVICE_FAMILY = "1,2";
				TEST_HOST = "$(BUILT_PRODUCTS_DIR)/Fooder.app/Fooder";
			};
			name = Release;
		};
		031508902107BAA4001F0C1E /* Debug */ = {
			isa = XCBuildConfiguration;
			buildSettings = {
				ALWAYS_EMBED_SWIFT_STANDARD_LIBRARIES = YES;
				CODE_SIGN_STYLE = Automatic;
				DEVELOPMENT_TEAM = 2QSUM4X588;
				INFOPLIST_FILE = FooderUITests/Info.plist;
				LD_RUNPATH_SEARCH_PATHS = (
					"$(inherited)",
					"@executable_path/Frameworks",
					"@loader_path/Frameworks",
				);
				PRODUCT_BUNDLE_IDENTIFIER = com.josh.FooderUITests;
				PRODUCT_NAME = "$(TARGET_NAME)";
				SWIFT_VERSION = 4.0;
				TARGETED_DEVICE_FAMILY = "1,2";
				TEST_TARGET_NAME = Fooder;
			};
			name = Debug;
		};
		031508912107BAA4001F0C1E /* Release */ = {
			isa = XCBuildConfiguration;
			buildSettings = {
				ALWAYS_EMBED_SWIFT_STANDARD_LIBRARIES = YES;
				CODE_SIGN_STYLE = Automatic;
				DEVELOPMENT_TEAM = 2QSUM4X588;
				INFOPLIST_FILE = FooderUITests/Info.plist;
				LD_RUNPATH_SEARCH_PATHS = (
					"$(inherited)",
					"@executable_path/Frameworks",
					"@loader_path/Frameworks",
				);
				PRODUCT_BUNDLE_IDENTIFIER = com.josh.FooderUITests;
				PRODUCT_NAME = "$(TARGET_NAME)";
				SWIFT_VERSION = 4.0;
				TARGETED_DEVICE_FAMILY = "1,2";
				TEST_TARGET_NAME = Fooder;
			};
			name = Release;
		};
/* End XCBuildConfiguration section */

/* Begin XCConfigurationList section */
		0315085C2107BAA3001F0C1E /* Build configuration list for PBXProject "Fooder" */ = {
			isa = XCConfigurationList;
			buildConfigurations = (
				031508872107BAA4001F0C1E /* Debug */,
				031508882107BAA4001F0C1E /* Release */,
			);
			defaultConfigurationIsVisible = 0;
			defaultConfigurationName = Release;
		};
		031508892107BAA4001F0C1E /* Build configuration list for PBXNativeTarget "Fooder" */ = {
			isa = XCConfigurationList;
			buildConfigurations = (
				0315088A2107BAA4001F0C1E /* Debug */,
				0315088B2107BAA4001F0C1E /* Release */,
			);
			defaultConfigurationIsVisible = 0;
			defaultConfigurationName = Release;
		};
		0315088C2107BAA4001F0C1E /* Build configuration list for PBXNativeTarget "FooderTests" */ = {
			isa = XCConfigurationList;
			buildConfigurations = (
				0315088D2107BAA4001F0C1E /* Debug */,
				0315088E2107BAA4001F0C1E /* Release */,
			);
			defaultConfigurationIsVisible = 0;
			defaultConfigurationName = Release;
		};
		0315088F2107BAA4001F0C1E /* Build configuration list for PBXNativeTarget "FooderUITests" */ = {
			isa = XCConfigurationList;
			buildConfigurations = (
				031508902107BAA4001F0C1E /* Debug */,
				031508912107BAA4001F0C1E /* Release */,
			);
			defaultConfigurationIsVisible = 0;
			defaultConfigurationName = Release;
		};
/* End XCConfigurationList section */
	};
	rootObject = 031508592107BAA3001F0C1E /* Project object */;
}
